
Microsoft Visual Studio Solution File, Format Version 12.00
# Visual Studio Version 16
VisualStudioVersion = 16.0.30413.136
MinimumVisualStudioVersion = 10.0.40219.1
Project("{FAE04EC0-301F-11D3-BF4B-00C04F79EFBC}") = "Demo.PolicyApiClient.Functions", "Demo.PolicyApiClient.Functions\Demo.PolicyApiClient.Functions.csproj", "{D23B196F-F5BF-46E4-8173-C7F57036A573}"
EndProject
Global
	GlobalSection(SolutionConfigurationPlatforms) = preSolution
		Debug|Any CPU = Debug|Any CPU
		Release|Any CPU = Release|Any CPU
	EndGlobalSection
	GlobalSection(ProjectConfigurationPlatforms) = postSolution
		{D23B196F-F5BF-46E4-8173-C7F57036A573}.Debug|Any CPU.ActiveCfg = Debug|Any CPU
		{D23B196F-F5BF-46E4-8173-C7F57036A573}.Debug|Any CPU.Build.0 = Debug|Any CPU
		{D23B196F-F5BF-46E4-8173-C7F57036A573}.Release|Any CPU.ActiveCfg = Release|Any CPU
		{D23B196F-F5BF-46E4-8173-C7F57036A573}.Release|Any CPU.Build.0 = Release|Any CPU
	EndGlobalSection
	GlobalSection(SolutionProperties) = preSolution
		HideSolutionNode = FALSE
	EndGlobalSection
	GlobalSection(ExtensibilityGlobals) = postSolution
		SolutionGuid = {8069BAA6-8FD5-4BD6-9BCC-92176E297532}
	EndGlobalSection
EndGlobal
